// !$*UTF8*$!
{
	archiveVersion = 1;
	classes = {
	};
	objectVersion = 56;
	objects = {

/* Begin PBXBuildFile section */
		2E4CC7E32AF2B0A100D1F6DF /* CocktailsViewAllVC.swift in Sources */ = {isa = PBXBuildFile; fileRef = 2E4CC7E22AF2B0A100D1F6DF /* CocktailsViewAllVC.swift */; };
		2E4CC7E52AF2B10700D1F6DF /* CocktailsViewAllCVC.swift in Sources */ = {isa = PBXBuildFile; fileRef = 2E4CC7E42AF2B10700D1F6DF /* CocktailsViewAllCVC.swift */; };
		2E5BC9D52AF144960001521D /* APIManager.swift in Sources */ = {isa = PBXBuildFile; fileRef = 2E5BC9D42AF144960001521D /* APIManager.swift */; };
		2E5BC9D82AF1468F0001521D /* Constants.swift in Sources */ = {isa = PBXBuildFile; fileRef = 2E5BC9D72AF1468F0001521D /* Constants.swift */; };
		2E5BC9DA2AF148AC0001521D /* DrinksViewModel.swift in Sources */ = {isa = PBXBuildFile; fileRef = 2E5BC9D92AF148AC0001521D /* DrinksViewModel.swift */; };
		2E5BC9DC2AF148BE0001521D /* DrinksViewModelOutput.swift in Sources */ = {isa = PBXBuildFile; fileRef = 2E5BC9DB2AF148BE0001521D /* DrinksViewModelOutput.swift */; };
		2E5BC9DE2AF17B680001521D /* CocktailDetailsVC.swift in Sources */ = {isa = PBXBuildFile; fileRef = 2E5BC9DD2AF17B680001521D /* CocktailDetailsVC.swift */; };
		2E5BC9E02AF17BD90001521D /* DrinkDetails.swift in Sources */ = {isa = PBXBuildFile; fileRef = 2E5BC9DF2AF17BD90001521D /* DrinkDetails.swift */; };
		2E5BC9E22AF184670001521D /* APIServiceDetails.swift in Sources */ = {isa = PBXBuildFile; fileRef = 2E5BC9E12AF184670001521D /* APIServiceDetails.swift */; };
		2E5BC9E42AF187880001521D /* DrinksDetailViewModel.swift in Sources */ = {isa = PBXBuildFile; fileRef = 2E5BC9E32AF187880001521D /* DrinksDetailViewModel.swift */; };
		2E5BC9E62AF1879B0001521D /* DrinksDetailViewModelOutput.swift in Sources */ = {isa = PBXBuildFile; fileRef = 2E5BC9E52AF1879B0001521D /* DrinksDetailViewModelOutput.swift */; };
		2EF9CE9F2AEA95EF005DD94C /* AppDelegate.swift in Sources */ = {isa = PBXBuildFile; fileRef = 2EF9CE9E2AEA95EF005DD94C /* AppDelegate.swift */; };
		2EF9CEA12AEA95EF005DD94C /* SceneDelegate.swift in Sources */ = {isa = PBXBuildFile; fileRef = 2EF9CEA02AEA95EF005DD94C /* SceneDelegate.swift */; };
		2EF9CEA32AEA95EF005DD94C /* HomeVC.swift in Sources */ = {isa = PBXBuildFile; fileRef = 2EF9CEA22AEA95EF005DD94C /* HomeVC.swift */; };
		2EF9CEA82AEA95F1005DD94C /* Assets.xcassets in Resources */ = {isa = PBXBuildFile; fileRef = 2EF9CEA72AEA95F1005DD94C /* Assets.xcassets */; };
		2EF9CEAB2AEA95F1005DD94C /* LaunchScreen.storyboard in Resources */ = {isa = PBXBuildFile; fileRef = 2EF9CEA92AEA95F1005DD94C /* LaunchScreen.storyboard */; };
		2EF9CEB32AEA9714005DD94C /* TabBarController.swift in Sources */ = {isa = PBXBuildFile; fileRef = 2EF9CEB22AEA9714005DD94C /* TabBarController.swift */; };
		2EF9CEB52AEAB30B005DD94C /* Drinks.swift in Sources */ = {isa = PBXBuildFile; fileRef = 2EF9CEB42AEAB30B005DD94C /* Drinks.swift */; };
		2EF9CEB72AEAB399005DD94C /* CocktailsCVC.swift in Sources */ = {isa = PBXBuildFile; fileRef = 2EF9CEB62AEAB399005DD94C /* CocktailsCVC.swift */; };
		2FE5C2C6BCF933FAE4965DE1 /* Pods_CocktailApp.framework in Frameworks */ = {isa = PBXBuildFile; fileRef = 29B18086786272B395320F02 /* Pods_CocktailApp.framework */; };
/* End PBXBuildFile section */

/* Begin PBXFileReference section */
		29B18086786272B395320F02 /* Pods_CocktailApp.framework */ = {isa = PBXFileReference; explicitFileType = wrapper.framework; includeInIndex = 0; path = Pods_CocktailApp.framework; sourceTree = BUILT_PRODUCTS_DIR; };
		2E4CC7E22AF2B0A100D1F6DF /* CocktailsViewAllVC.swift */ = {isa = PBXFileReference; lastKnownFileType = sourcecode.swift; path = CocktailsViewAllVC.swift; sourceTree = "<group>"; };
		2E4CC7E42AF2B10700D1F6DF /* CocktailsViewAllCVC.swift */ = {isa = PBXFileReference; lastKnownFileType = sourcecode.swift; path = CocktailsViewAllCVC.swift; sourceTree = "<group>"; };
		2E5BC9D42AF144960001521D /* APIManager.swift */ = {isa = PBXFileReference; lastKnownFileType = sourcecode.swift; path = APIManager.swift; sourceTree = "<group>"; };
		2E5BC9D72AF1468F0001521D /* Constants.swift */ = {isa = PBXFileReference; lastKnownFileType = sourcecode.swift; path = Constants.swift; sourceTree = "<group>"; };
		2E5BC9D92AF148AC0001521D /* DrinksViewModel.swift */ = {isa = PBXFileReference; lastKnownFileType = sourcecode.swift; path = DrinksViewModel.swift; sourceTree = "<group>"; };
		2E5BC9DB2AF148BE0001521D /* DrinksViewModelOutput.swift */ = {isa = PBXFileReference; lastKnownFileType = sourcecode.swift; path = DrinksViewModelOutput.swift; sourceTree = "<group>"; };
		2E5BC9DD2AF17B680001521D /* CocktailDetailsVC.swift */ = {isa = PBXFileReference; lastKnownFileType = sourcecode.swift; path = CocktailDetailsVC.swift; sourceTree = "<group>"; };
		2E5BC9DF2AF17BD90001521D /* DrinkDetails.swift */ = {isa = PBXFileReference; lastKnownFileType = sourcecode.swift; path = DrinkDetails.swift; sourceTree = "<group>"; };
		2E5BC9E12AF184670001521D /* APIServiceDetails.swift */ = {isa = PBXFileReference; lastKnownFileType = sourcecode.swift; path = APIServiceDetails.swift; sourceTree = "<group>"; };
		2E5BC9E32AF187880001521D /* DrinksDetailViewModel.swift */ = {isa = PBXFileReference; lastKnownFileType = sourcecode.swift; path = DrinksDetailViewModel.swift; sourceTree = "<group>"; };
		2E5BC9E52AF1879B0001521D /* DrinksDetailViewModelOutput.swift */ = {isa = PBXFileReference; lastKnownFileType = sourcecode.swift; path = DrinksDetailViewModelOutput.swift; sourceTree = "<group>"; };
		2EF9CE9B2AEA95EF005DD94C /* CocktailApp.app */ = {isa = PBXFileReference; explicitFileType = wrapper.application; includeInIndex = 0; path = CocktailApp.app; sourceTree = BUILT_PRODUCTS_DIR; };
		2EF9CE9E2AEA95EF005DD94C /* AppDelegate.swift */ = {isa = PBXFileReference; lastKnownFileType = sourcecode.swift; path = AppDelegate.swift; sourceTree = "<group>"; };
		2EF9CEA02AEA95EF005DD94C /* SceneDelegate.swift */ = {isa = PBXFileReference; lastKnownFileType = sourcecode.swift; path = SceneDelegate.swift; sourceTree = "<group>"; };
		2EF9CEA22AEA95EF005DD94C /* HomeVC.swift */ = {isa = PBXFileReference; lastKnownFileType = sourcecode.swift; path = HomeVC.swift; sourceTree = "<group>"; };
		2EF9CEA72AEA95F1005DD94C /* Assets.xcassets */ = {isa = PBXFileReference; lastKnownFileType = folder.assetcatalog; path = Assets.xcassets; sourceTree = "<group>"; };
		2EF9CEAA2AEA95F1005DD94C /* Base */ = {isa = PBXFileReference; lastKnownFileType = file.storyboard; name = Base; path = Base.lproj/LaunchScreen.storyboard; sourceTree = "<group>"; };
		2EF9CEAC2AEA95F1005DD94C /* Info.plist */ = {isa = PBXFileReference; lastKnownFileType = text.plist.xml; path = Info.plist; sourceTree = "<group>"; };
		2EF9CEB22AEA9714005DD94C /* TabBarController.swift */ = {isa = PBXFileReference; lastKnownFileType = sourcecode.swift; path = TabBarController.swift; sourceTree = "<group>"; };
		2EF9CEB42AEAB30B005DD94C /* Drinks.swift */ = {isa = PBXFileReference; lastKnownFileType = sourcecode.swift; path = Drinks.swift; sourceTree = "<group>"; };
		2EF9CEB62AEAB399005DD94C /* CocktailsCVC.swift */ = {isa = PBXFileReference; lastKnownFileType = sourcecode.swift; path = CocktailsCVC.swift; sourceTree = "<group>"; };
		CC6643979C80A5B26A429148 /* Pods-CocktailApp.release.xcconfig */ = {isa = PBXFileReference; includeInIndex = 1; lastKnownFileType = text.xcconfig; name = "Pods-CocktailApp.release.xcconfig"; path = "Target Support Files/Pods-CocktailApp/Pods-CocktailApp.release.xcconfig"; sourceTree = "<group>"; };
		E14E2EC2F1E741843AA37B5B /* Pods-CocktailApp.debug.xcconfig */ = {isa = PBXFileReference; includeInIndex = 1; lastKnownFileType = text.xcconfig; name = "Pods-CocktailApp.debug.xcconfig"; path = "Target Support Files/Pods-CocktailApp/Pods-CocktailApp.debug.xcconfig"; sourceTree = "<group>"; };
/* End PBXFileReference section */

/* Begin PBXFrameworksBuildPhase section */
		2EF9CE982AEA95EF005DD94C /* Frameworks */ = {
			isa = PBXFrameworksBuildPhase;
			buildActionMask = 2147483647;
			files = (
				2FE5C2C6BCF933FAE4965DE1 /* Pods_CocktailApp.framework in Frameworks */,
			);
			runOnlyForDeploymentPostprocessing = 0;
		};
/* End PBXFrameworksBuildPhase section */

/* Begin PBXGroup section */
		2E5BC9CD2AF141B30001521D /* View */ = {
			isa = PBXGroup;
			children = (
				2EF9CEA22AEA95EF005DD94C /* HomeVC.swift */,
				2E5BC9DD2AF17B680001521D /* CocktailDetailsVC.swift */,
				2EF9CEB62AEAB399005DD94C /* CocktailsCVC.swift */,
				2E4CC7E22AF2B0A100D1F6DF /* CocktailsViewAllVC.swift */,
				2E4CC7E42AF2B10700D1F6DF /* CocktailsViewAllCVC.swift */,
				2EF9CEB22AEA9714005DD94C /* TabBarController.swift */,
			);
			path = View;
			sourceTree = "<group>";
		};
		2E5BC9CF2AF141C50001521D /* Services */ = {
			isa = PBXGroup;
			children = (
				2E5BC9D42AF144960001521D /* APIManager.swift */,
				2E5BC9E12AF184670001521D /* APIServiceDetails.swift */,
			);
			path = Services;
			sourceTree = "<group>";
		};
		2E5BC9D02AF141CE0001521D /* Model */ = {
			isa = PBXGroup;
			children = (
				2EF9CEB42AEAB30B005DD94C /* Drinks.swift */,
				2E5BC9DF2AF17BD90001521D /* DrinkDetails.swift */,
			);
			path = Model;
			sourceTree = "<group>";
		};
		2E5BC9D12AF141DE0001521D /* ViewModel */ = {
			isa = PBXGroup;
			children = (
				2E5BC9D92AF148AC0001521D /* DrinksViewModel.swift */,
				2E5BC9DB2AF148BE0001521D /* DrinksViewModelOutput.swift */,
				2E5BC9E32AF187880001521D /* DrinksDetailViewModel.swift */,
				2E5BC9E52AF1879B0001521D /* DrinksDetailViewModelOutput.swift */,
			);
			path = ViewModel;
			sourceTree = "<group>";
		};
		2E5BC9D62AF146130001521D /* Constants */ = {
			isa = PBXGroup;
			children = (
				2E5BC9D72AF1468F0001521D /* Constants.swift */,
			);
			path = Constants;
			sourceTree = "<group>";
		};
		2EF9CE922AEA95EF005DD94C = {
			isa = PBXGroup;
			children = (
				2EF9CE9D2AEA95EF005DD94C /* CocktailApp */,
				2EF9CE9C2AEA95EF005DD94C /* Products */,
				7EC90A3F721A31459BE34261 /* Pods */,
				870203DA1747CC412961C1BB /* Frameworks */,
			);
			sourceTree = "<group>";
		};
		2EF9CE9C2AEA95EF005DD94C /* Products */ = {
			isa = PBXGroup;
			children = (
				2EF9CE9B2AEA95EF005DD94C /* CocktailApp.app */,
			);
			name = Products;
			sourceTree = "<group>";
		};
		2EF9CE9D2AEA95EF005DD94C /* CocktailApp */ = {
			isa = PBXGroup;
			children = (
				2E5BC9D62AF146130001521D /* Constants */,
				2E5BC9D12AF141DE0001521D /* ViewModel */,
				2E5BC9CD2AF141B30001521D /* View */,
				2E5BC9CF2AF141C50001521D /* Services */,
				2E5BC9D02AF141CE0001521D /* Model */,
				2EF9CE9E2AEA95EF005DD94C /* AppDelegate.swift */,
				2EF9CEA02AEA95EF005DD94C /* SceneDelegate.swift */,
				2EF9CEA72AEA95F1005DD94C /* Assets.xcassets */,
				2EF9CEA92AEA95F1005DD94C /* LaunchScreen.storyboard */,
				2EF9CEAC2AEA95F1005DD94C /* Info.plist */,
			);
			path = CocktailApp;
			sourceTree = "<group>";
		};
		7EC90A3F721A31459BE34261 /* Pods */ = {
			isa = PBXGroup;
			children = (
				E14E2EC2F1E741843AA37B5B /* Pods-CocktailApp.debug.xcconfig */,
				CC6643979C80A5B26A429148 /* Pods-CocktailApp.release.xcconfig */,
			);
			path = Pods;
			sourceTree = "<group>";
		};
		870203DA1747CC412961C1BB /* Frameworks */ = {
			isa = PBXGroup;
			children = (
				29B18086786272B395320F02 /* Pods_CocktailApp.framework */,
			);
			name = Frameworks;
			sourceTree = "<group>";
		};
/* End PBXGroup section */

/* Begin PBXNativeTarget section */
		2EF9CE9A2AEA95EF005DD94C /* CocktailApp */ = {
			isa = PBXNativeTarget;
			buildConfigurationList = 2EF9CEAF2AEA95F1005DD94C /* Build configuration list for PBXNativeTarget "CocktailApp" */;
			buildPhases = (
				9FACD1620B297CFCA2331C7A /* [CP] Check Pods Manifest.lock */,
				2EF9CE972AEA95EF005DD94C /* Sources */,
				2EF9CE982AEA95EF005DD94C /* Frameworks */,
				2EF9CE992AEA95EF005DD94C /* Resources */,
				1868FFBF7FD68901B7811EAC /* [CP] Embed Pods Frameworks */,
			);
			buildRules = (
			);
			dependencies = (
			);
			name = CocktailApp;
			productName = CocktailApp;
			productReference = 2EF9CE9B2AEA95EF005DD94C /* CocktailApp.app */;
			productType = "com.apple.product-type.application";
		};
/* End PBXNativeTarget section */

/* Begin PBXProject section */
		2EF9CE932AEA95EF005DD94C /* Project object */ = {
			isa = PBXProject;
			attributes = {
				BuildIndependentTargetsInParallel = 1;
				LastSwiftUpdateCheck = 1500;
				LastUpgradeCheck = 1500;
				TargetAttributes = {
					2EF9CE9A2AEA95EF005DD94C = {
						CreatedOnToolsVersion = 15.0;
					};
				};
			};
			buildConfigurationList = 2EF9CE962AEA95EF005DD94C /* Build configuration list for PBXProject "CocktailApp" */;
			compatibilityVersion = "Xcode 14.0";
			developmentRegion = en;
			hasScannedForEncodings = 0;
			knownRegions = (
				en,
				Base,
			);
			mainGroup = 2EF9CE922AEA95EF005DD94C;
			productRefGroup = 2EF9CE9C2AEA95EF005DD94C /* Products */;
			projectDirPath = "";
			projectRoot = "";
			targets = (
				2EF9CE9A2AEA95EF005DD94C /* CocktailApp */,
			);
		};
/* End PBXProject section */

/* Begin PBXResourcesBuildPhase section */
		2EF9CE992AEA95EF005DD94C /* Resources */ = {
			isa = PBXResourcesBuildPhase;
			buildActionMask = 2147483647;
			files = (
				2EF9CEAB2AEA95F1005DD94C /* LaunchScreen.storyboard in Resources */,
				2EF9CEA82AEA95F1005DD94C /* Assets.xcassets in Resources */,
			);
			runOnlyForDeploymentPostprocessing = 0;
		};
/* End PBXResourcesBuildPhase section */

/* Begin PBXShellScriptBuildPhase section */
		1868FFBF7FD68901B7811EAC /* [CP] Embed Pods Frameworks */ = {
			isa = PBXShellScriptBuildPhase;
			buildActionMask = 2147483647;
			files = (
			);
			inputFileListPaths = (
				"${PODS_ROOT}/Target Support Files/Pods-CocktailApp/Pods-CocktailApp-frameworks-${CONFIGURATION}-input-files.xcfilelist",
			);
			name = "[CP] Embed Pods Frameworks";
			outputFileListPaths = (
				"${PODS_ROOT}/Target Support Files/Pods-CocktailApp/Pods-CocktailApp-frameworks-${CONFIGURATION}-output-files.xcfilelist",
			);
			runOnlyForDeploymentPostprocessing = 0;
			shellPath = /bin/sh;
			shellScript = "\"${PODS_ROOT}/Target Support Files/Pods-CocktailApp/Pods-CocktailApp-frameworks.sh\"\n";
			showEnvVarsInLog = 0;
		};
		9FACD1620B297CFCA2331C7A /* [CP] Check Pods Manifest.lock */ = {
			isa = PBXShellScriptBuildPhase;
			buildActionMask = 2147483647;
			files = (
			);
			inputFileListPaths = (
			);
			inputPaths = (
				"${PODS_PODFILE_DIR_PATH}/Podfile.lock",
				"${PODS_ROOT}/Manifest.lock",
			);
			name = "[CP] Check Pods Manifest.lock";
			outputFileListPaths = (
			);
			outputPaths = (
				"$(DERIVED_FILE_DIR)/Pods-CocktailApp-checkManifestLockResult.txt",
			);
			runOnlyForDeploymentPostprocessing = 0;
			shellPath = /bin/sh;
			shellScript = "diff \"${PODS_PODFILE_DIR_PATH}/Podfile.lock\" \"${PODS_ROOT}/Manifest.lock\" > /dev/null\nif [ $? != 0 ] ; then\n    # print error to STDERR\n    echo \"error: The sandbox is not in sync with the Podfile.lock. Run 'pod install' or update your CocoaPods installation.\" >&2\n    exit 1\nfi\n# This output is used by Xcode 'outputs' to avoid re-running this script phase.\necho \"SUCCESS\" > \"${SCRIPT_OUTPUT_FILE_0}\"\n";
			showEnvVarsInLog = 0;
		};
/* End PBXShellScriptBuildPhase section */

/* Begin PBXSourcesBuildPhase section */
		2EF9CE972AEA95EF005DD94C /* Sources */ = {
			isa = PBXSourcesBuildPhase;
			buildActionMask = 2147483647;
			files = (
				2E5BC9D52AF144960001521D /* APIManager.swift in Sources */,
				2EF9CEB72AEAB399005DD94C /* CocktailsCVC.swift in Sources */,
				2E5BC9DC2AF148BE0001521D /* DrinksViewModelOutput.swift in Sources */,
				2EF9CEA32AEA95EF005DD94C /* HomeVC.swift in Sources */,
				2EF9CEB32AEA9714005DD94C /* TabBarController.swift in Sources */,
				2EF9CE9F2AEA95EF005DD94C /* AppDelegate.swift in Sources */,
				2E5BC9E62AF1879B0001521D /* DrinksDetailViewModelOutput.swift in Sources */,
				2E5BC9DE2AF17B680001521D /* CocktailDetailsVC.swift in Sources */,
				2E5BC9D82AF1468F0001521D /* Constants.swift in Sources */,
				2E5BC9E02AF17BD90001521D /* DrinkDetails.swift in Sources */,
				2E5BC9E22AF184670001521D /* APIServiceDetails.swift in Sources */,
				2E4CC7E52AF2B10700D1F6DF /* CocktailsViewAllCVC.swift in Sources */,
				2EF9CEA12AEA95EF005DD94C /* SceneDelegate.swift in Sources */,
				2EF9CEB52AEAB30B005DD94C /* Drinks.swift in Sources */,
				2E4CC7E32AF2B0A100D1F6DF /* CocktailsViewAllVC.swift in Sources */,
				2E5BC9E42AF187880001521D /* DrinksDetailViewModel.swift in Sources */,
				2E5BC9DA2AF148AC0001521D /* DrinksViewModel.swift in Sources */,
			);
			runOnlyForDeploymentPostprocessing = 0;
		};
/* End PBXSourcesBuildPhase section */

/* Begin PBXVariantGroup section */
		2EF9CEA92AEA95F1005DD94C /* LaunchScreen.storyboard */ = {
			isa = PBXVariantGroup;
			children = (
				2EF9CEAA2AEA95F1005DD94C /* Base */,
			);
			name = LaunchScreen.storyboard;
			sourceTree = "<group>";
		};
/* End PBXVariantGroup section */

/* Begin XCBuildConfiguration section */
		2EF9CEAD2AEA95F1005DD94C /* Debug */ = {
			isa = XCBuildConfiguration;
			buildSettings = {
				ALWAYS_SEARCH_USER_PATHS = NO;
				ASSETCATALOG_COMPILER_GENERATE_SWIFT_ASSET_SYMBOL_EXTENSIONS = YES;
				CLANG_ANALYZER_NONNULL = YES;
				CLANG_ANALYZER_NUMBER_OBJECT_CONVERSION = YES_AGGRESSIVE;
				CLANG_CXX_LANGUAGE_STANDARD = "gnu++20";
				CLANG_ENABLE_MODULES = YES;
				CLANG_ENABLE_OBJC_ARC = YES;
				CLANG_ENABLE_OBJC_WEAK = YES;
				CLANG_WARN_BLOCK_CAPTURE_AUTORELEASING = YES;
				CLANG_WARN_BOOL_CONVERSION = YES;
				CLANG_WARN_COMMA = YES;
				CLANG_WARN_CONSTANT_CONVERSION = YES;
				CLANG_WARN_DEPRECATED_OBJC_IMPLEMENTATIONS = YES;
				CLANG_WARN_DIRECT_OBJC_ISA_USAGE = YES_ERROR;
				CLANG_WARN_DOCUMENTATION_COMMENTS = YES;
				CLANG_WARN_EMPTY_BODY = YES;
				CLANG_WARN_ENUM_CONVERSION = YES;
				CLANG_WARN_INFINITE_RECURSION = YES;
				CLANG_WARN_INT_CONVERSION = YES;
				CLANG_WARN_NON_LITERAL_NULL_CONVERSION = YES;
				CLANG_WARN_OBJC_IMPLICIT_RETAIN_SELF = YES;
				CLANG_WARN_OBJC_LITERAL_CONVERSION = YES;
				CLANG_WARN_OBJC_ROOT_CLASS = YES_ERROR;
				CLANG_WARN_QUOTED_INCLUDE_IN_FRAMEWORK_HEADER = YES;
				CLANG_WARN_RANGE_LOOP_ANALYSIS = YES;
				CLANG_WARN_STRICT_PROTOTYPES = YES;
				CLANG_WARN_SUSPICIOUS_MOVE = YES;
				CLANG_WARN_UNGUARDED_AVAILABILITY = YES_AGGRESSIVE;
				CLANG_WARN_UNREACHABLE_CODE = YES;
				CLANG_WARN__DUPLICATE_METHOD_MATCH = YES;
				COPY_PHASE_STRIP = NO;
				DEBUG_INFORMATION_FORMAT = dwarf;
				ENABLE_STRICT_OBJC_MSGSEND = YES;
				ENABLE_TESTABILITY = YES;
				ENABLE_USER_SCRIPT_SANDBOXING = YES;
				GCC_C_LANGUAGE_STANDARD = gnu17;
				GCC_DYNAMIC_NO_PIC = NO;
				GCC_NO_COMMON_BLOCKS = YES;
				GCC_OPTIMIZATION_LEVEL = 0;
				GCC_PREPROCESSOR_DEFINITIONS = (
					"DEBUG=1",
					"$(inherited)",
				);
				GCC_WARN_64_TO_32_BIT_CONVERSION = YES;
				GCC_WARN_ABOUT_RETURN_TYPE = YES_ERROR;
				GCC_WARN_UNDECLARED_SELECTOR = YES;
				GCC_WARN_UNINITIALIZED_AUTOS = YES_AGGRESSIVE;
				GCC_WARN_UNUSED_FUNCTION = YES;
				GCC_WARN_UNUSED_VARIABLE = YES;
				IPHONEOS_DEPLOYMENT_TARGET = 13.0;
				LOCALIZATION_PREFERS_STRING_CATALOGS = YES;
				MTL_ENABLE_DEBUG_INFO = INCLUDE_SOURCE;
				MTL_FAST_MATH = YES;
				ONLY_ACTIVE_ARCH = YES;
				SDKROOT = iphoneos;
				SWIFT_ACTIVE_COMPILATION_CONDITIONS = "DEBUG $(inherited)";
				SWIFT_OPTIMIZATION_LEVEL = "-Onone";
			};
			name = Debug;
		};
		2EF9CEAE2AEA95F1005DD94C /* Release */ = {
			isa = XCBuildConfiguration;
			buildSettings = {
				ALWAYS_SEARCH_USER_PATHS = NO;
				ASSETCATALOG_COMPILER_GENERATE_SWIFT_ASSET_SYMBOL_EXTENSIONS = YES;
				CLANG_ANALYZER_NONNULL = YES;
				CLANG_ANALYZER_NUMBER_OBJECT_CONVERSION = YES_AGGRESSIVE;
				CLANG_CXX_LANGUAGE_STANDARD = "gnu++20";
				CLANG_ENABLE_MODULES = YES;
				CLANG_ENABLE_OBJC_ARC = YES;
				CLANG_ENABLE_OBJC_WEAK = YES;
				CLANG_WARN_BLOCK_CAPTURE_AUTORELEASING = YES;
				CLANG_WARN_BOOL_CONVERSION = YES;
				CLANG_WARN_COMMA = YES;
				CLANG_WARN_CONSTANT_CONVERSION = YES;
				CLANG_WARN_DEPRECATED_OBJC_IMPLEMENTATIONS = YES;
				CLANG_WARN_DIRECT_OBJC_ISA_USAGE = YES_ERROR;
				CLANG_WARN_DOCUMENTATION_COMMENTS = YES;
				CLANG_WARN_EMPTY_BODY = YES;
				CLANG_WARN_ENUM_CONVERSION = YES;
				CLANG_WARN_INFINITE_RECURSION = YES;
				CLANG_WARN_INT_CONVERSION = YES;
				CLANG_WARN_NON_LITERAL_NULL_CONVERSION = YES;
				CLANG_WARN_OBJC_IMPLICIT_RETAIN_SELF = YES;
				CLANG_WARN_OBJC_LITERAL_CONVERSION = YES;
				CLANG_WARN_OBJC_ROOT_CLASS = YES_ERROR;
				CLANG_WARN_QUOTED_INCLUDE_IN_FRAMEWORK_HEADER = YES;
				CLANG_WARN_RANGE_LOOP_ANALYSIS = YES;
				CLANG_WARN_STRICT_PROTOTYPES = YES;
				CLANG_WARN_SUSPICIOUS_MOVE = YES;
				CLANG_WARN_UNGUARDED_AVAILABILITY = YES_AGGRESSIVE;
				CLANG_WARN_UNREACHABLE_CODE = YES;
				CLANG_WARN__DUPLICATE_METHOD_MATCH = YES;
				COPY_PHASE_STRIP = NO;
				DEBUG_INFORMATION_FORMAT = "dwarf-with-dsym";
				ENABLE_NS_ASSERTIONS = NO;
				ENABLE_STRICT_OBJC_MSGSEND = YES;
				ENABLE_USER_SCRIPT_SANDBOXING = YES;
				GCC_C_LANGUAGE_STANDARD = gnu17;
				GCC_NO_COMMON_BLOCKS = YES;
				GCC_WARN_64_TO_32_BIT_CONVERSION = YES;
				GCC_WARN_ABOUT_RETURN_TYPE = YES_ERROR;
				GCC_WARN_UNDECLARED_SELECTOR = YES;
				GCC_WARN_UNINITIALIZED_AUTOS = YES_AGGRESSIVE;
				GCC_WARN_UNUSED_FUNCTION = YES;
				GCC_WARN_UNUSED_VARIABLE = YES;
				IPHONEOS_DEPLOYMENT_TARGET = 13.0;
				LOCALIZATION_PREFERS_STRING_CATALOGS = YES;
				MTL_ENABLE_DEBUG_INFO = NO;
				MTL_FAST_MATH = YES;
				SDKROOT = iphoneos;
				SWIFT_COMPILATION_MODE = wholemodule;
				VALIDATE_PRODUCT = YES;
			};
			name = Release;
		};
		2EF9CEB02AEA95F1005DD94C /* Debug */ = {
			isa = XCBuildConfiguration;
			baseConfigurationReference = E14E2EC2F1E741843AA37B5B /* Pods-CocktailApp.debug.xcconfig */;
			buildSettings = {
				ASSETCATALOG_COMPILER_APPICON_NAME = AppIcon;
				ASSETCATALOG_COMPILER_GLOBAL_ACCENT_COLOR_NAME = AccentColor;
				CODE_SIGN_STYLE = Automatic;
				CURRENT_PROJECT_VERSION = 1;
				DEVELOPMENT_TEAM = RK6RS4ZNBT;
				ENABLE_APP_SANDBOX = NO;
				ENABLE_USER_SCRIPT_SANDBOXING = NO;
				GENERATE_INFOPLIST_FILE = YES;
				INFOPLIST_FILE = CocktailApp/Info.plist;
				INFOPLIST_KEY_UIApplicationSupportsIndirectInputEvents = YES;
				INFOPLIST_KEY_UILaunchStoryboardName = LaunchScreen;
				INFOPLIST_KEY_UISupportedInterfaceOrientations_iPad = "UIInterfaceOrientationPortrait UIInterfaceOrientationPortraitUpsideDown UIInterfaceOrientationLandscapeLeft UIInterfaceOrientationLandscapeRight";
				INFOPLIST_KEY_UISupportedInterfaceOrientations_iPhone = "UIInterfaceOrientationPortrait UIInterfaceOrientationLandscapeLeft UIInterfaceOrientationLandscapeRight";
				IPHONEOS_DEPLOYMENT_TARGET = 13.0;
				LD_RUNPATH_SEARCH_PATHS = (
					"$(inherited)",
					"@executable_path/Frameworks",
				);
				MARKETING_VERSION = 1.0;
				PRODUCT_BUNDLE_IDENTIFIER = com.BerkHayta.CocktailApp;
				PRODUCT_NAME = "$(TARGET_NAME)";
				SWIFT_EMIT_LOC_STRINGS = YES;
				SWIFT_VERSION = 5.0;
				TARGETED_DEVICE_FAMILY = "1,2";
			};
			name = Debug;
		};
		2EF9CEB12AEA95F1005DD94C /* Release */ = {
			isa = XCBuildConfiguration;
			baseConfigurationReference = CC6643979C80A5B26A429148 /* Pods-CocktailApp.release.xcconfig */;
			buildSettings = {
				ASSETCATALOG_COMPILER_APPICON_NAME = AppIcon;
				ASSETCATALOG_COMPILER_GLOBAL_ACCENT_COLOR_NAME = AccentColor;
				CODE_SIGN_STYLE = Automatic;
				CURRENT_PROJECT_VERSION = 1;
				DEVELOPMENT_TEAM = RK6RS4ZNBT;
				ENABLE_APP_SANDBOX = NO;
				ENABLE_USER_SCRIPT_SANDBOXING = NO;
				GENERATE_INFOPLIST_FILE = YES;
				INFOPLIST_FILE = CocktailApp/Info.plist;
				INFOPLIST_KEY_UIApplicationSupportsIndirectInputEvents = YES;
				INFOPLIST_KEY_UILaunchStoryboardName = LaunchScreen;
				INFOPLIST_KEY_UISupportedInterfaceOrientations_iPad = "UIInterfaceOrientationPortrait UIInterfaceOrientationPortraitUpsideDown UIInterfaceOrientationLandscapeLeft UIInterfaceOrientationLandscapeRight";
				INFOPLIST_KEY_UISupportedInterfaceOrientations_iPhone = "UIInterfaceOrientationPortrait UIInterfaceOrientationLandscapeLeft UIInterfaceOrientationLandscapeRight";
				IPHONEOS_DEPLOYMENT_TARGET = 13.0;
				LD_RUNPATH_SEARCH_PATHS = (
					"$(inherited)",
					"@executable_path/Frameworks",
				);
				MARKETING_VERSION = 1.0;
				PRODUCT_BUNDLE_IDENTIFIER = com.BerkHayta.CocktailApp;
				PRODUCT_NAME = "$(TARGET_NAME)";
				SWIFT_EMIT_LOC_STRINGS = YES;
				SWIFT_VERSION = 5.0;
				TARGETED_DEVICE_FAMILY = "1,2";
			};
			name = Release;
		};
/* End XCBuildConfiguration section */

/* Begin XCConfigurationList section */
		2EF9CE962AEA95EF005DD94C /* Build configuration list for PBXProject "CocktailApp" */ = {
			isa = XCConfigurationList;
			buildConfigurations = (
				2EF9CEAD2AEA95F1005DD94C /* Debug */,
				2EF9CEAE2AEA95F1005DD94C /* Release */,
			);
			defaultConfigurationIsVisible = 0;
			defaultConfigurationName = Release;
		};
		2EF9CEAF2AEA95F1005DD94C /* Build configuration list for PBXNativeTarget "CocktailApp" */ = {
			isa = XCConfigurationList;
			buildConfigurations = (
				2EF9CEB02AEA95F1005DD94C /* Debug */,
				2EF9CEB12AEA95F1005DD94C /* Release */,
			);
			defaultConfigurationIsVisible = 0;
			defaultConfigurationName = Release;
		};
/* End XCConfigurationList section */
	};
	rootObject = 2EF9CE932AEA95EF005DD94C /* Project object */;
}
